
Microsoft Visual Studio Solution File, Format Version 12.00
# Visual Studio Version 16
VisualStudioVersion = 16.0.31321.278
MinimumVisualStudioVersion = 10.0.40219.1
Project("{2150E333-8FDC-42A3-9474-1A3956D46DE8}") = "src", "src", "{38FC5F28-F831-4894-9BA8-E81DFDBC2044}"
EndProject
Project("{2150E333-8FDC-42A3-9474-1A3956D46DE8}") = "Building Blocks", "Building Blocks", "{06927F60-D716-4D92-B26E-9B0A2C512A09}"
EndProject
Project("{2150E333-8FDC-42A3-9474-1A3956D46DE8}") = "Services", "Services", "{385F4169-EBC9-4E80-8697-9EA5DCC10F62}"
EndProject
Project("{2150E333-8FDC-42A3-9474-1A3956D46DE8}") = "Web", "Web", "{D26544FC-FCD4-44A7-A14C-DC4E7A2A785A}"
EndProject
Project("{2150E333-8FDC-42A3-9474-1A3956D46DE8}") = "Identidade", "Identidade", "{F4211942-78F3-4D64-94C5-80DAE270A5B8}"
EndProject
Project("{2150E333-8FDC-42A3-9474-1A3956D46DE8}") = "MVC", "MVC", "{7635FBE8-C443-4E8D-881D-7A6719AF0797}"
EndProject
Project("{2150E333-8FDC-42A3-9474-1A3956D46DE8}") = "Core", "Core", "{80DAD9E4-1709-4D9E-B561-07FDD48FD5E0}"
EndProject
Project("{9A19103F-16F7-4668-BE54-9A1E7A4F7556}") = "NSE.Core", "src\building blocks\NSE.Core\NSE.Core.csproj", "{1CE9E33D-51C8-4CDB-8A24-C5AA879D80E6}"
EndProject
Project("{2150E333-8FDC-42A3-9474-1A3956D46DE8}") = "Carrinho", "Carrinho", "{8261E85D-D6C3-444F-A2CB-93F13D5CA6B9}"
EndProject
Project("{2150E333-8FDC-42A3-9474-1A3956D46DE8}") = "Catalogo", "Catalogo", "{0710703D-391E-4711-9C0E-E672868F0A33}"
EndProject
Project("{2150E333-8FDC-42A3-9474-1A3956D46DE8}") = "Cliente", "Cliente", "{04197424-C517-4948-8BDD-950E49BA2C1F}"
EndProject
Project("{2150E333-8FDC-42A3-9474-1A3956D46DE8}") = "Pagamento", "Pagamento", "{D739DC0D-243C-4B07-8377-2C6D2391EDD7}"
EndProject
Project("{2150E333-8FDC-42A3-9474-1A3956D46DE8}") = "Pedido", "Pedido", "{2EC49429-9A5A-451B-9569-30593B75388E}"
EndProject
Project("{9A19103F-16F7-4668-BE54-9A1E7A4F7556}") = "NSE.Identidade.API", "src\services\NSE.Identidade.API\NSE.Identidade.API.csproj", "{E30D671A-BFDA-40AE-9A7B-575FD0D5EAB9}"
EndProject
Project("{9A19103F-16F7-4668-BE54-9A1E7A4F7556}") = "NSE.WebApp.MVC", "src\web\NSE.WebApp.MVC\NSE.WebApp.MVC.csproj", "{831E5E76-1A4E-4E6E-9BF9-3257BD4C517D}"
EndProject
Project("{9A19103F-16F7-4668-BE54-9A1E7A4F7556}") = "NSE.Catalogo.API", "src\services\NSE.Catalogo.API\NSE.Catalogo.API\NSE.Catalogo.API.csproj", "{053BF8C1-D9D4-4A77-BF11-037ACF45D56B}"
EndProject
Project("{2150E333-8FDC-42A3-9474-1A3956D46DE8}") = "Services", "Services", "{3894DF42-878C-44AC-8F74-FED5D7A2A0DA}"
EndProject
Project("{9A19103F-16F7-4668-BE54-9A1E7A4F7556}") = "NSE.WebAPI.Core", "src\building blocks\NSE.WebAPI.Core\NSE.WebAPI.Core.csproj", "{22370C40-B87E-4C44-8966-7D6F503540B5}"
EndProject
Project("{9A19103F-16F7-4668-BE54-9A1E7A4F7556}") = "NSE.Clientes.API", "src\services\NSE.Clientes.API\NSE.Clientes.API.csproj", "{74AC6093-A6A7-463F-8392-3B7B8C858D2E}"
EndProject
Project("{2150E333-8FDC-42A3-9474-1A3956D46DE8}") = "MessageBus", "MessageBus", "{07089208-C220-4432-AF0F-3DBA66524A85}"
EndProject
Project("{9A19103F-16F7-4668-BE54-9A1E7A4F7556}") = "NSE.MessageBus", "src\building blocks\NSE.MessageBus\NSE.MessageBus.csproj", "{FC5DF35F-0C23-47EE-BC9B-237F75CE7FB1}"
EndProject
Project("{9A19103F-16F7-4668-BE54-9A1E7A4F7556}") = "NSE.Carrinho.API", "src\services\NSE.Carrinho.API\NSE.Carrinho.API.csproj", "{6202779E-19E4-4AB6-AAC3-8D4C6BF9ABF8}"
EndProject
Project("{2150E333-8FDC-42A3-9474-1A3956D46DE8}") = "ApiGateways", "ApiGateways", "{FBD683F9-572A-402D-9D2E-5B337475BB60}"
EndProject
Project("{2150E333-8FDC-42A3-9474-1A3956D46DE8}") = "Compras", "Compras", "{4226DF1B-9C20-4398-AAC3-D908EF47C08E}"
EndProject
Project("{9A19103F-16F7-4668-BE54-9A1E7A4F7556}") = "NSE.Bff.Compras", "src\api gateways\NSE.Bff.Compras\NSE.Bff.Compras.csproj", "{1C06451E-7497-49FA-A5DD-E158B659BA6C}"
EndProject
Project("{FAE04EC0-301F-11D3-BF4B-00C04F79EFBC}") = "NSE.Pedido.API", "src\services\NSE.Pedido.API\NSE.Pedido.API.csproj", "{FBB7116C-C6AA-4070-A00A-E3B47C8FFD5F}"
EndProject
Project("{FAE04EC0-301F-11D3-BF4B-00C04F79EFBC}") = "NSE.Pedido.Domain", "src\services\NSE.Pedido.Domain\NSE.Pedido.Domain.csproj", "{A4D4E81C-9F54-4564-9817-87DBAB26CBD7}"
EndProject
Project("{FAE04EC0-301F-11D3-BF4B-00C04F79EFBC}") = "NSE.Pedido.Infra", "src\services\NSE.Pedido.Infra\NSE.Pedido.Infra.csproj", "{C83EF18A-90DB-4396-A1FB-E8E7B758B758}"
EndProject
Global
	GlobalSection(SolutionConfigurationPlatforms) = preSolution
		Debug|Any CPU = Debug|Any CPU
		Release|Any CPU = Release|Any CPU
	EndGlobalSection
	GlobalSection(ProjectConfigurationPlatforms) = postSolution
		{1CE9E33D-51C8-4CDB-8A24-C5AA879D80E6}.Debug|Any CPU.ActiveCfg = Debug|Any CPU
		{1CE9E33D-51C8-4CDB-8A24-C5AA879D80E6}.Debug|Any CPU.Build.0 = Debug|Any CPU
		{1CE9E33D-51C8-4CDB-8A24-C5AA879D80E6}.Release|Any CPU.ActiveCfg = Release|Any CPU
		{1CE9E33D-51C8-4CDB-8A24-C5AA879D80E6}.Release|Any CPU.Build.0 = Release|Any CPU
		{E30D671A-BFDA-40AE-9A7B-575FD0D5EAB9}.Debug|Any CPU.ActiveCfg = Debug|Any CPU
		{E30D671A-BFDA-40AE-9A7B-575FD0D5EAB9}.Debug|Any CPU.Build.0 = Debug|Any CPU
		{E30D671A-BFDA-40AE-9A7B-575FD0D5EAB9}.Release|Any CPU.ActiveCfg = Release|Any CPU
		{E30D671A-BFDA-40AE-9A7B-575FD0D5EAB9}.Release|Any CPU.Build.0 = Release|Any CPU
		{831E5E76-1A4E-4E6E-9BF9-3257BD4C517D}.Debug|Any CPU.ActiveCfg = Debug|Any CPU
		{831E5E76-1A4E-4E6E-9BF9-3257BD4C517D}.Debug|Any CPU.Build.0 = Debug|Any CPU
		{831E5E76-1A4E-4E6E-9BF9-3257BD4C517D}.Release|Any CPU.ActiveCfg = Release|Any CPU
		{831E5E76-1A4E-4E6E-9BF9-3257BD4C517D}.Release|Any CPU.Build.0 = Release|Any CPU
		{053BF8C1-D9D4-4A77-BF11-037ACF45D56B}.Debug|Any CPU.ActiveCfg = Debug|Any CPU
		{053BF8C1-D9D4-4A77-BF11-037ACF45D56B}.Debug|Any CPU.Build.0 = Debug|Any CPU
		{053BF8C1-D9D4-4A77-BF11-037ACF45D56B}.Release|Any CPU.ActiveCfg = Release|Any CPU
		{053BF8C1-D9D4-4A77-BF11-037ACF45D56B}.Release|Any CPU.Build.0 = Release|Any CPU
		{22370C40-B87E-4C44-8966-7D6F503540B5}.Debug|Any CPU.ActiveCfg = Debug|Any CPU
		{22370C40-B87E-4C44-8966-7D6F503540B5}.Debug|Any CPU.Build.0 = Debug|Any CPU
		{22370C40-B87E-4C44-8966-7D6F503540B5}.Release|Any CPU.ActiveCfg = Release|Any CPU
		{22370C40-B87E-4C44-8966-7D6F503540B5}.Release|Any CPU.Build.0 = Release|Any CPU
		{74AC6093-A6A7-463F-8392-3B7B8C858D2E}.Debug|Any CPU.ActiveCfg = Debug|Any CPU
		{74AC6093-A6A7-463F-8392-3B7B8C858D2E}.Debug|Any CPU.Build.0 = Debug|Any CPU
		{74AC6093-A6A7-463F-8392-3B7B8C858D2E}.Release|Any CPU.ActiveCfg = Release|Any CPU
		{74AC6093-A6A7-463F-8392-3B7B8C858D2E}.Release|Any CPU.Build.0 = Release|Any CPU
		{FC5DF35F-0C23-47EE-BC9B-237F75CE7FB1}.Debug|Any CPU.ActiveCfg = Debug|Any CPU
		{FC5DF35F-0C23-47EE-BC9B-237F75CE7FB1}.Debug|Any CPU.Build.0 = Debug|Any CPU
		{FC5DF35F-0C23-47EE-BC9B-237F75CE7FB1}.Release|Any CPU.ActiveCfg = Release|Any CPU
		{FC5DF35F-0C23-47EE-BC9B-237F75CE7FB1}.Release|Any CPU.Build.0 = Release|Any CPU
		{6202779E-19E4-4AB6-AAC3-8D4C6BF9ABF8}.Debug|Any CPU.ActiveCfg = Debug|Any CPU
		{6202779E-19E4-4AB6-AAC3-8D4C6BF9ABF8}.Debug|Any CPU.Build.0 = Debug|Any CPU
		{6202779E-19E4-4AB6-AAC3-8D4C6BF9ABF8}.Release|Any CPU.ActiveCfg = Release|Any CPU
		{6202779E-19E4-4AB6-AAC3-8D4C6BF9ABF8}.Release|Any CPU.Build.0 = Release|Any CPU
		{1C06451E-7497-49FA-A5DD-E158B659BA6C}.Debug|Any CPU.ActiveCfg = Debug|Any CPU
		{1C06451E-7497-49FA-A5DD-E158B659BA6C}.Debug|Any CPU.Build.0 = Debug|Any CPU
		{1C06451E-7497-49FA-A5DD-E158B659BA6C}.Release|Any CPU.ActiveCfg = Release|Any CPU
		{1C06451E-7497-49FA-A5DD-E158B659BA6C}.Release|Any CPU.Build.0 = Release|Any CPU
		{FBB7116C-C6AA-4070-A00A-E3B47C8FFD5F}.Debug|Any CPU.ActiveCfg = Debug|Any CPU
		{FBB7116C-C6AA-4070-A00A-E3B47C8FFD5F}.Debug|Any CPU.Build.0 = Debug|Any CPU
		{FBB7116C-C6AA-4070-A00A-E3B47C8FFD5F}.Release|Any CPU.ActiveCfg = Release|Any CPU
		{FBB7116C-C6AA-4070-A00A-E3B47C8FFD5F}.Release|Any CPU.Build.0 = Release|Any CPU
		{A4D4E81C-9F54-4564-9817-87DBAB26CBD7}.Debug|Any CPU.ActiveCfg = Debug|Any CPU
		{A4D4E81C-9F54-4564-9817-87DBAB26CBD7}.Debug|Any CPU.Build.0 = Debug|Any CPU
		{A4D4E81C-9F54-4564-9817-87DBAB26CBD7}.Release|Any CPU.ActiveCfg = Release|Any CPU
		{A4D4E81C-9F54-4564-9817-87DBAB26CBD7}.Release|Any CPU.Build.0 = Release|Any CPU
		{C83EF18A-90DB-4396-A1FB-E8E7B758B758}.Debug|Any CPU.ActiveCfg = Debug|Any CPU
		{C83EF18A-90DB-4396-A1FB-E8E7B758B758}.Debug|Any CPU.Build.0 = Debug|Any CPU
		{C83EF18A-90DB-4396-A1FB-E8E7B758B758}.Release|Any CPU.ActiveCfg = Release|Any CPU
		{C83EF18A-90DB-4396-A1FB-E8E7B758B758}.Release|Any CPU.Build.0 = Release|Any CPU
	EndGlobalSection
	GlobalSection(SolutionProperties) = preSolution
		HideSolutionNode = FALSE
	EndGlobalSection
	GlobalSection(NestedProjects) = preSolution
		{06927F60-D716-4D92-B26E-9B0A2C512A09} = {38FC5F28-F831-4894-9BA8-E81DFDBC2044}
		{385F4169-EBC9-4E80-8697-9EA5DCC10F62} = {38FC5F28-F831-4894-9BA8-E81DFDBC2044}
		{D26544FC-FCD4-44A7-A14C-DC4E7A2A785A} = {38FC5F28-F831-4894-9BA8-E81DFDBC2044}
		{F4211942-78F3-4D64-94C5-80DAE270A5B8} = {385F4169-EBC9-4E80-8697-9EA5DCC10F62}
		{7635FBE8-C443-4E8D-881D-7A6719AF0797} = {D26544FC-FCD4-44A7-A14C-DC4E7A2A785A}
		{80DAD9E4-1709-4D9E-B561-07FDD48FD5E0} = {06927F60-D716-4D92-B26E-9B0A2C512A09}
		{1CE9E33D-51C8-4CDB-8A24-C5AA879D80E6} = {80DAD9E4-1709-4D9E-B561-07FDD48FD5E0}
		{8261E85D-D6C3-444F-A2CB-93F13D5CA6B9} = {385F4169-EBC9-4E80-8697-9EA5DCC10F62}
		{0710703D-391E-4711-9C0E-E672868F0A33} = {385F4169-EBC9-4E80-8697-9EA5DCC10F62}
		{04197424-C517-4948-8BDD-950E49BA2C1F} = {385F4169-EBC9-4E80-8697-9EA5DCC10F62}
		{D739DC0D-243C-4B07-8377-2C6D2391EDD7} = {385F4169-EBC9-4E80-8697-9EA5DCC10F62}
		{2EC49429-9A5A-451B-9569-30593B75388E} = {385F4169-EBC9-4E80-8697-9EA5DCC10F62}
		{E30D671A-BFDA-40AE-9A7B-575FD0D5EAB9} = {F4211942-78F3-4D64-94C5-80DAE270A5B8}
		{831E5E76-1A4E-4E6E-9BF9-3257BD4C517D} = {7635FBE8-C443-4E8D-881D-7A6719AF0797}
		{053BF8C1-D9D4-4A77-BF11-037ACF45D56B} = {0710703D-391E-4711-9C0E-E672868F0A33}
		{3894DF42-878C-44AC-8F74-FED5D7A2A0DA} = {06927F60-D716-4D92-B26E-9B0A2C512A09}
		{22370C40-B87E-4C44-8966-7D6F503540B5} = {3894DF42-878C-44AC-8F74-FED5D7A2A0DA}
		{74AC6093-A6A7-463F-8392-3B7B8C858D2E} = {04197424-C517-4948-8BDD-950E49BA2C1F}
		{07089208-C220-4432-AF0F-3DBA66524A85} = {06927F60-D716-4D92-B26E-9B0A2C512A09}
		{FC5DF35F-0C23-47EE-BC9B-237F75CE7FB1} = {07089208-C220-4432-AF0F-3DBA66524A85}
		{6202779E-19E4-4AB6-AAC3-8D4C6BF9ABF8} = {8261E85D-D6C3-444F-A2CB-93F13D5CA6B9}
		{FBD683F9-572A-402D-9D2E-5B337475BB60} = {38FC5F28-F831-4894-9BA8-E81DFDBC2044}
		{4226DF1B-9C20-4398-AAC3-D908EF47C08E} = {FBD683F9-572A-402D-9D2E-5B337475BB60}
		{1C06451E-7497-49FA-A5DD-E158B659BA6C} = {4226DF1B-9C20-4398-AAC3-D908EF47C08E}
		{FBB7116C-C6AA-4070-A00A-E3B47C8FFD5F} = {2EC49429-9A5A-451B-9569-30593B75388E}
		{A4D4E81C-9F54-4564-9817-87DBAB26CBD7} = {2EC49429-9A5A-451B-9569-30593B75388E}
		{C83EF18A-90DB-4396-A1FB-E8E7B758B758} = {2EC49429-9A5A-451B-9569-30593B75388E}
	EndGlobalSection
	GlobalSection(ExtensibilityGlobals) = postSolution
		SolutionGuid = {2641552B-3A5C-4B23-983D-86FE28FD9C37}
	EndGlobalSection
EndGlobal
